
Microsoft Visual Studio Solution File, Format Version 12.00
# Visual Studio 15
VisualStudioVersion = 15.0.27130.2010
MinimumVisualStudioVersion = 10.0.40219.1
Project("{9092AA53-FB77-4645-B42D-1CCCA6BD08BD}") = "MiApp", "MiApp\MiApp.njsproj", "{98CDF33E-3B15-4C7F-9A17-29CD4837E082}"
EndProject
Global
	GlobalSection(SolutionConfigurationPlatforms) = preSolution
		Debug|Any CPU = Debug|Any CPU
		Release|Any CPU = Release|Any CPU
	EndGlobalSection
	GlobalSection(ProjectConfigurationPlatforms) = postSolution
		{98CDF33E-3B15-4C7F-9A17-29CD4837E082}.Debug|Any CPU.ActiveCfg = Debug|Any CPU
		{98CDF33E-3B15-4C7F-9A17-29CD4837E082}.Debug|Any CPU.Build.0 = Debug|Any CPU
		{98CDF33E-3B15-4C7F-9A17-29CD4837E082}.Release|Any CPU.ActiveCfg = Release|Any CPU
		{98CDF33E-3B15-4C7F-9A17-29CD4837E082}.Release|Any CPU.Build.0 = Release|Any CPU
	EndGlobalSection
	GlobalSection(SolutionProperties) = preSolution
		HideSolutionNode = FALSE
	EndGlobalSection
	GlobalSection(ExtensibilityGlobals) = postSolution
		SolutionGuid = {EC6BE63D-0E18-4994-BDC0-EF948F441E85}
	EndGlobalSection
EndGlobal
